
Microsoft Visual Studio Solution File, Format Version 12.00
# Visual Studio Version 17
VisualStudioVersion = 17.1.32421.90
MinimumVisualStudioVersion = 10.0.40219.1
Project("{9A19103F-16F7-4668-BE54-9A1E7A4F7556}") = "BookAPI", "BookAPI\BookAPI.csproj", "{83C880FD-2138-46EB-B789-171344A2F740}"
EndProject
Project("{9A19103F-16F7-4668-BE54-9A1E7A4F7556}") = "BookAPI.BusinessLogicLayer", "BookAPI.Services\BookAPI.BusinessLogicLayer.csproj", "{642EF6A7-F30A-46FE-8C74-4E07130158A4}"
EndProject
Project("{9A19103F-16F7-4668-BE54-9A1E7A4F7556}") = "BookAPI.DataAccessLayer", "BookAPI.DataAccessLayer\BookAPI.DataAccessLayer.csproj", "{620CF00D-F834-455A-AFE5-D2AE5031F6D1}"
EndProject
Project("{FAE04EC0-301F-11D3-BF4B-00C04F79EFBC}") = "BookAPI.Tests", "BookAPI.Tests\BookAPI.Tests.csproj", "{38AF9083-2BC4-4FBA-8381-E9E8CCF3D82E}"
EndProject
Project("{FAE04EC0-301F-11D3-BF4B-00C04F79EFBC}") = "BookAPI.Common", "BookAPI.Common\BookAPI.Common.csproj", "{5D0B1659-F518-4B02-A311-B076E5A329EC}"
EndProject
Global
	GlobalSection(SolutionConfigurationPlatforms) = preSolution
		Debug|Any CPU = Debug|Any CPU
		Release|Any CPU = Release|Any CPU
	EndGlobalSection
	GlobalSection(ProjectConfigurationPlatforms) = postSolution
		{83C880FD-2138-46EB-B789-171344A2F740}.Debug|Any CPU.ActiveCfg = Debug|Any CPU
		{83C880FD-2138-46EB-B789-171344A2F740}.Debug|Any CPU.Build.0 = Debug|Any CPU
		{83C880FD-2138-46EB-B789-171344A2F740}.Release|Any CPU.ActiveCfg = Release|Any CPU
		{83C880FD-2138-46EB-B789-171344A2F740}.Release|Any CPU.Build.0 = Release|Any CPU
		{642EF6A7-F30A-46FE-8C74-4E07130158A4}.Debug|Any CPU.ActiveCfg = Debug|Any CPU
		{642EF6A7-F30A-46FE-8C74-4E07130158A4}.Debug|Any CPU.Build.0 = Debug|Any CPU
		{642EF6A7-F30A-46FE-8C74-4E07130158A4}.Release|Any CPU.ActiveCfg = Release|Any CPU
		{642EF6A7-F30A-46FE-8C74-4E07130158A4}.Release|Any CPU.Build.0 = Release|Any CPU
		{620CF00D-F834-455A-AFE5-D2AE5031F6D1}.Debug|Any CPU.ActiveCfg = Debug|Any CPU
		{620CF00D-F834-455A-AFE5-D2AE5031F6D1}.Debug|Any CPU.Build.0 = Debug|Any CPU
		{620CF00D-F834-455A-AFE5-D2AE5031F6D1}.Release|Any CPU.ActiveCfg = Release|Any CPU
		{620CF00D-F834-455A-AFE5-D2AE5031F6D1}.Release|Any CPU.Build.0 = Release|Any CPU
		{38AF9083-2BC4-4FBA-8381-E9E8CCF3D82E}.Debug|Any CPU.ActiveCfg = Debug|Any CPU
		{38AF9083-2BC4-4FBA-8381-E9E8CCF3D82E}.Debug|Any CPU.Build.0 = Debug|Any CPU
		{38AF9083-2BC4-4FBA-8381-E9E8CCF3D82E}.Release|Any CPU.ActiveCfg = Release|Any CPU
		{38AF9083-2BC4-4FBA-8381-E9E8CCF3D82E}.Release|Any CPU.Build.0 = Release|Any CPU
		{5D0B1659-F518-4B02-A311-B076E5A329EC}.Debug|Any CPU.ActiveCfg = Debug|Any CPU
		{5D0B1659-F518-4B02-A311-B076E5A329EC}.Debug|Any CPU.Build.0 = Debug|Any CPU
		{5D0B1659-F518-4B02-A311-B076E5A329EC}.Release|Any CPU.ActiveCfg = Release|Any CPU
		{5D0B1659-F518-4B02-A311-B076E5A329EC}.Release|Any CPU.Build.0 = Release|Any CPU
	EndGlobalSection
	GlobalSection(SolutionProperties) = preSolution
		HideSolutionNode = FALSE
	EndGlobalSection
	GlobalSection(ExtensibilityGlobals) = postSolution
		SolutionGuid = {092CB8E2-B893-461F-B8FF-2B1998B30A7E}
	EndGlobalSection
EndGlobal
